
Microsoft Visual Studio Solution File, Format Version 12.00
# Visual Studio 15
VisualStudioVersion = 15.0.27428.1
MinimumVisualStudioVersion = 10.0.40219.1
Project("{FAE04EC0-301F-11D3-BF4B-00C04F79EFBC}") = "MSD.WL.Site", "MSD.WL.Site\MSD.WL.Site.csproj", "{131E88A7-50F0-432F-968B-C3B28EA97A30}"
EndProject
Global
	GlobalSection(SolutionConfigurationPlatforms) = preSolution
		Debug|Any CPU = Debug|Any CPU
		Release|Any CPU = Release|Any CPU
	EndGlobalSection
	GlobalSection(ProjectConfigurationPlatforms) = postSolution
		{131E88A7-50F0-432F-968B-C3B28EA97A30}.Debug|Any CPU.ActiveCfg = Debug|Any CPU
		{131E88A7-50F0-432F-968B-C3B28EA97A30}.Debug|Any CPU.Build.0 = Debug|Any CPU
		{131E88A7-50F0-432F-968B-C3B28EA97A30}.Release|Any CPU.ActiveCfg = Release|Any CPU
		{131E88A7-50F0-432F-968B-C3B28EA97A30}.Release|Any CPU.Build.0 = Release|Any CPU
	EndGlobalSection
	GlobalSection(SolutionProperties) = preSolution
		HideSolutionNode = FALSE
	EndGlobalSection
	GlobalSection(ExtensibilityGlobals) = postSolution
		SolutionGuid = {C78D97A2-F058-4A3E-A650-E50BCA26C86D}
	EndGlobalSection
EndGlobal
